
Microsoft Visual Studio Solution File, Format Version 12.00
# Visual Studio Version 18
VisualStudioVersion = 18.0.11104.47
MinimumVisualStudioVersion = 10.0.40219.1
Project("{FAE04EC0-301F-11D3-BF4B-00C04F79EFBC}") = "gsmsharing", "gsmsharing\gsmsharing.csproj", "{7E5E39C7-4CBE-4222-A837-3049164D0679}"
EndProject
Project("{FAE04EC0-301F-11D3-BF4B-00C04F79EFBC}") = "GsmsharingLib", "GsmsharingLib\GsmsharingLib.csproj", "{960300A4-CA3B-4237-B7A4-926DF6FAE663}"
EndProject
Project("{FAE04EC0-301F-11D3-BF4B-00C04F79EFBC}") = "discussionspot", "discussionspot\discussionspot.csproj", "{67948A3E-6B4B-442F-A85B-6CAC82FFD2D0}"
EndProject
Project("{FAE04EC0-301F-11D3-BF4B-00C04F79EFBC}") = "discussionspot8", "discussionspot8\discussionspot8.csproj", "{E5C5E330-2A07-49DF-87AE-88979FF908B2}"
EndProject
Project("{FAE04EC0-301F-11D3-BF4B-00C04F79EFBC}") = "discussionspot10", "discussionspot10\discussionspot10.csproj", "{738D37F0-7B7F-4456-B1C2-9F3FA41F7B8F}"
EndProject
Project("{FAE04EC0-301F-11D3-BF4B-00C04F79EFBC}") = "discussionspot9", "discussionspot9\discussionspot9.csproj", "{31044077-8C6C-47E0-811C-DB288D206291}"
EndProject
Project("{FAE04EC0-301F-11D3-BF4B-00C04F79EFBC}") = "BSS", "BSS\BSS.csproj", "{452C685B-0CD7-48D0-A5C0-0A76A69D504D}"
EndProject
Project("{FAE04EC0-301F-11D3-BF4B-00C04F79EFBC}") = "GsmsharingV2", "GsmsharingV2\GsmsharingV2.csproj", "{FE44095E-00E1-4037-A905-765BD0FE50CC}"
EndProject
Project("{F2A71F9B-5D33-465A-A702-920D77279786}") = "FluxPDF", "FluxPDF\FluxPDF.fsproj", "{68F4A02F-4E9D-47C8-80C0-8369AFA7FA15}"
EndProject
Project("{FAE04EC0-301F-11D3-BF4B-00C04F79EFBC}") = "FluxPDFApp", "FluxPDFApp\FluxPDFApp.csproj", "{ECAC9DFE-FF74-48CE-971A-3DA92CC8391B}"
EndProject
Project("{FAE04EC0-301F-11D3-BF4B-00C04F79EFBC}") = "Fluxdox", "Fluxdox\Fluxdox.csproj", "{4DA39B72-4C46-4234-87C2-53E9D06048A9}"
EndProject
Global
	GlobalSection(SolutionConfigurationPlatforms) = preSolution
		Debug|Any CPU = Debug|Any CPU
		Release|Any CPU = Release|Any CPU
	EndGlobalSection
	GlobalSection(ProjectConfigurationPlatforms) = postSolution
		{7E5E39C7-4CBE-4222-A837-3049164D0679}.Debug|Any CPU.ActiveCfg = Debug|Any CPU
		{7E5E39C7-4CBE-4222-A837-3049164D0679}.Debug|Any CPU.Build.0 = Debug|Any CPU
		{7E5E39C7-4CBE-4222-A837-3049164D0679}.Release|Any CPU.ActiveCfg = Release|Any CPU
		{7E5E39C7-4CBE-4222-A837-3049164D0679}.Release|Any CPU.Build.0 = Release|Any CPU
		{960300A4-CA3B-4237-B7A4-926DF6FAE663}.Debug|Any CPU.ActiveCfg = Debug|Any CPU
		{960300A4-CA3B-4237-B7A4-926DF6FAE663}.Debug|Any CPU.Build.0 = Debug|Any CPU
		{960300A4-CA3B-4237-B7A4-926DF6FAE663}.Release|Any CPU.ActiveCfg = Release|Any CPU
		{960300A4-CA3B-4237-B7A4-926DF6FAE663}.Release|Any CPU.Build.0 = Release|Any CPU
		{67948A3E-6B4B-442F-A85B-6CAC82FFD2D0}.Debug|Any CPU.ActiveCfg = Debug|Any CPU
		{67948A3E-6B4B-442F-A85B-6CAC82FFD2D0}.Debug|Any CPU.Build.0 = Debug|Any CPU
		{67948A3E-6B4B-442F-A85B-6CAC82FFD2D0}.Release|Any CPU.ActiveCfg = Release|Any CPU
		{67948A3E-6B4B-442F-A85B-6CAC82FFD2D0}.Release|Any CPU.Build.0 = Release|Any CPU
		{E5C5E330-2A07-49DF-87AE-88979FF908B2}.Debug|Any CPU.ActiveCfg = Debug|Any CPU
		{E5C5E330-2A07-49DF-87AE-88979FF908B2}.Debug|Any CPU.Build.0 = Debug|Any CPU
		{E5C5E330-2A07-49DF-87AE-88979FF908B2}.Release|Any CPU.ActiveCfg = Release|Any CPU
		{E5C5E330-2A07-49DF-87AE-88979FF908B2}.Release|Any CPU.Build.0 = Release|Any CPU
		{738D37F0-7B7F-4456-B1C2-9F3FA41F7B8F}.Debug|Any CPU.ActiveCfg = Debug|Any CPU
		{738D37F0-7B7F-4456-B1C2-9F3FA41F7B8F}.Debug|Any CPU.Build.0 = Debug|Any CPU
		{738D37F0-7B7F-4456-B1C2-9F3FA41F7B8F}.Release|Any CPU.ActiveCfg = Release|Any CPU
		{738D37F0-7B7F-4456-B1C2-9F3FA41F7B8F}.Release|Any CPU.Build.0 = Release|Any CPU
		{31044077-8C6C-47E0-811C-DB288D206291}.Debug|Any CPU.ActiveCfg = Debug|Any CPU
		{31044077-8C6C-47E0-811C-DB288D206291}.Debug|Any CPU.Build.0 = Debug|Any CPU
		{31044077-8C6C-47E0-811C-DB288D206291}.Release|Any CPU.ActiveCfg = Release|Any CPU
		{31044077-8C6C-47E0-811C-DB288D206291}.Release|Any CPU.Build.0 = Release|Any CPU
		{452C685B-0CD7-48D0-A5C0-0A76A69D504D}.Debug|Any CPU.ActiveCfg = Debug|Any CPU
		{452C685B-0CD7-48D0-A5C0-0A76A69D504D}.Debug|Any CPU.Build.0 = Debug|Any CPU
		{452C685B-0CD7-48D0-A5C0-0A76A69D504D}.Release|Any CPU.ActiveCfg = Release|Any CPU
		{452C685B-0CD7-48D0-A5C0-0A76A69D504D}.Release|Any CPU.Build.0 = Release|Any CPU
		{FE44095E-00E1-4037-A905-765BD0FE50CC}.Debug|Any CPU.ActiveCfg = Debug|Any CPU
		{FE44095E-00E1-4037-A905-765BD0FE50CC}.Debug|Any CPU.Build.0 = Debug|Any CPU
		{FE44095E-00E1-4037-A905-765BD0FE50CC}.Release|Any CPU.ActiveCfg = Release|Any CPU
		{FE44095E-00E1-4037-A905-765BD0FE50CC}.Release|Any CPU.Build.0 = Release|Any CPU
		{68F4A02F-4E9D-47C8-80C0-8369AFA7FA15}.Debug|Any CPU.ActiveCfg = Debug|Any CPU
		{68F4A02F-4E9D-47C8-80C0-8369AFA7FA15}.Debug|Any CPU.Build.0 = Debug|Any CPU
		{68F4A02F-4E9D-47C8-80C0-8369AFA7FA15}.Release|Any CPU.ActiveCfg = Release|Any CPU
		{68F4A02F-4E9D-47C8-80C0-8369AFA7FA15}.Release|Any CPU.Build.0 = Release|Any CPU
		{ECAC9DFE-FF74-48CE-971A-3DA92CC8391B}.Debug|Any CPU.ActiveCfg = Debug|Any CPU
		{ECAC9DFE-FF74-48CE-971A-3DA92CC8391B}.Debug|Any CPU.Build.0 = Debug|Any CPU
		{ECAC9DFE-FF74-48CE-971A-3DA92CC8391B}.Release|Any CPU.ActiveCfg = Release|Any CPU
		{ECAC9DFE-FF74-48CE-971A-3DA92CC8391B}.Release|Any CPU.Build.0 = Release|Any CPU
		{4DA39B72-4C46-4234-87C2-53E9D06048A9}.Debug|Any CPU.ActiveCfg = Debug|Any CPU
		{4DA39B72-4C46-4234-87C2-53E9D06048A9}.Debug|Any CPU.Build.0 = Debug|Any CPU
		{4DA39B72-4C46-4234-87C2-53E9D06048A9}.Release|Any CPU.ActiveCfg = Release|Any CPU
		{4DA39B72-4C46-4234-87C2-53E9D06048A9}.Release|Any CPU.Build.0 = Release|Any CPU
	EndGlobalSection
	GlobalSection(SolutionProperties) = preSolution
		HideSolutionNode = FALSE
	EndGlobalSection
	GlobalSection(ExtensibilityGlobals) = postSolution
		SolutionGuid = {00F96D0F-5D0B-414F-BEBE-794CC0152D6D}
	EndGlobalSection
EndGlobal
